// !$*UTF8*$!
{
	archiveVersion = 1;
	classes = {
	};
	objectVersion = 56;
	objects = {

/* Begin PBXBuildFile section */
		71A9DE772BE35D5400D854D2 /* AppDelegate.swift in Sources */ = {isa = PBXBuildFile; fileRef = 71A9DE762BE35D5400D854D2 /* AppDelegate.swift */; };
		71A9DE792BE35D5400D854D2 /* SceneDelegate.swift in Sources */ = {isa = PBXBuildFile; fileRef = 71A9DE782BE35D5400D854D2 /* SceneDelegate.swift */; };
		71A9DE7B2BE35D5400D854D2 /* ViewController.swift in Sources */ = {isa = PBXBuildFile; fileRef = 71A9DE7A2BE35D5400D854D2 /* ViewController.swift */; };
		71A9DE7E2BE35D5400D854D2 /* Main.storyboard in Resources */ = {isa = PBXBuildFile; fileRef = 71A9DE7C2BE35D5400D854D2 /* Main.storyboard */; };
		71A9DE802BE35D5600D854D2 /* Assets.xcassets in Resources */ = {isa = PBXBuildFile; fileRef = 71A9DE7F2BE35D5600D854D2 /* Assets.xcassets */; };
		71A9DE832BE35D5600D854D2 /* LaunchScreen.storyboard in Resources */ = {isa = PBXBuildFile; fileRef = 71A9DE812BE35D5600D854D2 /* LaunchScreen.storyboard */; };
		71A9DE932BE3620000D854D2 /* NewsTableViewCell.swift in Sources */ = {isa = PBXBuildFile; fileRef = 71A9DE912BE3620000D854D2 /* NewsTableViewCell.swift */; };
		71A9DE942BE3620000D854D2 /* NewsTableViewCell.xib in Resources */ = {isa = PBXBuildFile; fileRef = 71A9DE922BE3620000D854D2 /* NewsTableViewCell.xib */; };
		71A9DE972BE365A500D854D2 /* Article.swift in Sources */ = {isa = PBXBuildFile; fileRef = 71A9DE962BE365A500D854D2 /* Article.swift */; };
		71A9DE992BE3660800D854D2 /* UrlController.swift in Sources */ = {isa = PBXBuildFile; fileRef = 71A9DE982BE3660800D854D2 /* UrlController.swift */; };
		71A9DE9E2BE3885B00D854D2 /* DetailsPageViewController.swift in Sources */ = {isa = PBXBuildFile; fileRef = 71A9DE9D2BE3885B00D854D2 /* DetailsPageViewController.swift */; };
		CDD0E0DFE202192F0F9CB9FE /* Pods_NewsApp.framework in Frameworks */ = {isa = PBXBuildFile; fileRef = 1426790A70BF9D759202C9E0 /* Pods_NewsApp.framework */; };
/* End PBXBuildFile section */

/* Begin PBXFileReference section */
		1426790A70BF9D759202C9E0 /* Pods_NewsApp.framework */ = {isa = PBXFileReference; explicitFileType = wrapper.framework; includeInIndex = 0; path = Pods_NewsApp.framework; sourceTree = BUILT_PRODUCTS_DIR; };
		71A9DE732BE35D5400D854D2 /* NewsApp.app */ = {isa = PBXFileReference; explicitFileType = wrapper.application; includeInIndex = 0; path = NewsApp.app; sourceTree = BUILT_PRODUCTS_DIR; };
		71A9DE762BE35D5400D854D2 /* AppDelegate.swift */ = {isa = PBXFileReference; lastKnownFileType = sourcecode.swift; path = AppDelegate.swift; sourceTree = "<group>"; };
		71A9DE782BE35D5400D854D2 /* SceneDelegate.swift */ = {isa = PBXFileReference; lastKnownFileType = sourcecode.swift; path = SceneDelegate.swift; sourceTree = "<group>"; };
		71A9DE7A2BE35D5400D854D2 /* ViewController.swift */ = {isa = PBXFileReference; lastKnownFileType = sourcecode.swift; path = ViewController.swift; sourceTree = "<group>"; };
		71A9DE7D2BE35D5400D854D2 /* Base */ = {isa = PBXFileReference; lastKnownFileType = file.storyboard; name = Base; path = Base.lproj/Main.storyboard; sourceTree = "<group>"; };
		71A9DE7F2BE35D5600D854D2 /* Assets.xcassets */ = {isa = PBXFileReference; lastKnownFileType = folder.assetcatalog; path = Assets.xcassets; sourceTree = "<group>"; };
		71A9DE822BE35D5600D854D2 /* Base */ = {isa = PBXFileReference; lastKnownFileType = file.storyboard; name = Base; path = Base.lproj/LaunchScreen.storyboard; sourceTree = "<group>"; };
		71A9DE842BE35D5600D854D2 /* Info.plist */ = {isa = PBXFileReference; lastKnownFileType = text.plist.xml; path = Info.plist; sourceTree = "<group>"; };
		71A9DE912BE3620000D854D2 /* NewsTableViewCell.swift */ = {isa = PBXFileReference; lastKnownFileType = sourcecode.swift; path = NewsTableViewCell.swift; sourceTree = "<group>"; };
		71A9DE922BE3620000D854D2 /* NewsTableViewCell.xib */ = {isa = PBXFileReference; lastKnownFileType = file.xib; path = NewsTableViewCell.xib; sourceTree = "<group>"; };
		71A9DE962BE365A500D854D2 /* Article.swift */ = {isa = PBXFileReference; lastKnownFileType = sourcecode.swift; path = Article.swift; sourceTree = "<group>"; };
		71A9DE982BE3660800D854D2 /* UrlController.swift */ = {isa = PBXFileReference; lastKnownFileType = sourcecode.swift; path = UrlController.swift; sourceTree = "<group>"; };
		71A9DE9D2BE3885B00D854D2 /* DetailsPageViewController.swift */ = {isa = PBXFileReference; lastKnownFileType = sourcecode.swift; path = DetailsPageViewController.swift; sourceTree = "<group>"; };
		E8C9DBA529EACA91603F2513 /* Pods-NewsApp.debug.xcconfig */ = {isa = PBXFileReference; includeInIndex = 1; lastKnownFileType = text.xcconfig; name = "Pods-NewsApp.debug.xcconfig"; path = "Target Support Files/Pods-NewsApp/Pods-NewsApp.debug.xcconfig"; sourceTree = "<group>"; };
		F96C5316BDCFDC4F9E562BBC /* Pods-NewsApp.release.xcconfig */ = {isa = PBXFileReference; includeInIndex = 1; lastKnownFileType = text.xcconfig; name = "Pods-NewsApp.release.xcconfig"; path = "Target Support Files/Pods-NewsApp/Pods-NewsApp.release.xcconfig"; sourceTree = "<group>"; };
/* End PBXFileReference section */

/* Begin PBXFrameworksBuildPhase section */
		71A9DE702BE35D5400D854D2 /* Frameworks */ = {
			isa = PBXFrameworksBuildPhase;
			buildActionMask = 2147483647;
			files = (
				CDD0E0DFE202192F0F9CB9FE /* Pods_NewsApp.framework in Frameworks */,
			);
			runOnlyForDeploymentPostprocessing = 0;
		};
/* End PBXFrameworksBuildPhase section */

/* Begin PBXGroup section */
		71A9DE6A2BE35D5400D854D2 = {
			isa = PBXGroup;
			children = (
				71A9DE752BE35D5400D854D2 /* NewsApp */,
				71A9DE742BE35D5400D854D2 /* Products */,
				BE3A68CC42C1FB18BBBF14C7 /* Pods */,
				A37A2B42294118689527A493 /* Frameworks */,
			);
			sourceTree = "<group>";
		};
		71A9DE742BE35D5400D854D2 /* Products */ = {
			isa = PBXGroup;
			children = (
				71A9DE732BE35D5400D854D2 /* NewsApp.app */,
			);
			name = Products;
			sourceTree = "<group>";
		};
		71A9DE752BE35D5400D854D2 /* NewsApp */ = {
			isa = PBXGroup;
			children = (
				71A9DE952BE3656C00D854D2 /* Models */,
				71A9DE8E2BE35FF700D854D2 /* View */,
				71A9DE762BE35D5400D854D2 /* AppDelegate.swift */,
				71A9DE782BE35D5400D854D2 /* SceneDelegate.swift */,
				71A9DE7A2BE35D5400D854D2 /* ViewController.swift */,
				71A9DE7C2BE35D5400D854D2 /* Main.storyboard */,
				71A9DE7F2BE35D5600D854D2 /* Assets.xcassets */,
				71A9DE812BE35D5600D854D2 /* LaunchScreen.storyboard */,
				71A9DE842BE35D5600D854D2 /* Info.plist */,
				71A9DE912BE3620000D854D2 /* NewsTableViewCell.swift */,
				71A9DE922BE3620000D854D2 /* NewsTableViewCell.xib */,
			);
			path = NewsApp;
			sourceTree = "<group>";
		};
		71A9DE8E2BE35FF700D854D2 /* View */ = {
			isa = PBXGroup;
			children = (
				71A9DEA32BE39F0900D854D2 /* DetailPage */,
			);
			path = View;
			sourceTree = "<group>";
		};
		71A9DE952BE3656C00D854D2 /* Models */ = {
			isa = PBXGroup;
			children = (
				71A9DE962BE365A500D854D2 /* Article.swift */,
				71A9DE982BE3660800D854D2 /* UrlController.swift */,
			);
			path = Models;
			sourceTree = "<group>";
		};
		71A9DEA32BE39F0900D854D2 /* DetailPage */ = {
			isa = PBXGroup;
			children = (
				71A9DE9D2BE3885B00D854D2 /* DetailsPageViewController.swift */,
			);
			path = DetailPage;
			sourceTree = "<group>";
		};
		A37A2B42294118689527A493 /* Frameworks */ = {
			isa = PBXGroup;
			children = (
				1426790A70BF9D759202C9E0 /* Pods_NewsApp.framework */,
			);
			name = Frameworks;
			sourceTree = "<group>";
		};
		BE3A68CC42C1FB18BBBF14C7 /* Pods */ = {
			isa = PBXGroup;
			children = (
				E8C9DBA529EACA91603F2513 /* Pods-NewsApp.debug.xcconfig */,
				F96C5316BDCFDC4F9E562BBC /* Pods-NewsApp.release.xcconfig */,
			);
			path = Pods;
			sourceTree = "<group>";
		};
/* End PBXGroup section */

/* Begin PBXNativeTarget section */
		71A9DE722BE35D5400D854D2 /* NewsApp */ = {
			isa = PBXNativeTarget;
			buildConfigurationList = 71A9DE872BE35D5600D854D2 /* Build configuration list for PBXNativeTarget "NewsApp" */;
			buildPhases = (
				56F9FBA07474682105523049 /* [CP] Check Pods Manifest.lock */,
				71A9DE6F2BE35D5400D854D2 /* Sources */,
				71A9DE702BE35D5400D854D2 /* Frameworks */,
				71A9DE712BE35D5400D854D2 /* Resources */,
				6AD5B55B5BEF564A4AC6578A /* [CP] Embed Pods Frameworks */,
			);
			buildRules = (
			);
			dependencies = (
			);
			name = NewsApp;
			productName = NewsApp;
			productReference = 71A9DE732BE35D5400D854D2 /* NewsApp.app */;
			productType = "com.apple.product-type.application";
		};
/* End PBXNativeTarget section */

/* Begin PBXProject section */
		71A9DE6B2BE35D5400D854D2 /* Project object */ = {
			isa = PBXProject;
			attributes = {
				BuildIndependentTargetsInParallel = 1;
				LastSwiftUpdateCheck = 1520;
				LastUpgradeCheck = 1520;
				TargetAttributes = {
					71A9DE722BE35D5400D854D2 = {
						CreatedOnToolsVersion = 15.2;
					};
				};
			};
			buildConfigurationList = 71A9DE6E2BE35D5400D854D2 /* Build configuration list for PBXProject "NewsApp" */;
			compatibilityVersion = "Xcode 14.0";
			developmentRegion = en;
			hasScannedForEncodings = 0;
			knownRegions = (
				en,
				Base,
			);
			mainGroup = 71A9DE6A2BE35D5400D854D2;
			productRefGroup = 71A9DE742BE35D5400D854D2 /* Products */;
			projectDirPath = "";
			projectRoot = "";
			targets = (
				71A9DE722BE35D5400D854D2 /* NewsApp */,
			);
		};
/* End PBXProject section */

/* Begin PBXResourcesBuildPhase section */
		71A9DE712BE35D5400D854D2 /* Resources */ = {
			isa = PBXResourcesBuildPhase;
			buildActionMask = 2147483647;
			files = (
				71A9DE832BE35D5600D854D2 /* LaunchScreen.storyboard in Resources */,
				71A9DE802BE35D5600D854D2 /* Assets.xcassets in Resources */,
				71A9DE942BE3620000D854D2 /* NewsTableViewCell.xib in Resources */,
				71A9DE7E2BE35D5400D854D2 /* Main.storyboard in Resources */,
			);
			runOnlyForDeploymentPostprocessing = 0;
		};
/* End PBXResourcesBuildPhase section */

/* Begin PBXShellScriptBuildPhase section */
		56F9FBA07474682105523049 /* [CP] Check Pods Manifest.lock */ = {
			isa = PBXShellScriptBuildPhase;
			buildActionMask = 2147483647;
			files = (
			);
			inputFileListPaths = (
			);
			inputPaths = (
				"${PODS_PODFILE_DIR_PATH}/Podfile.lock",
				"${PODS_ROOT}/Manifest.lock",
			);
			name = "[CP] Check Pods Manifest.lock";
			outputFileListPaths = (
			);
			outputPaths = (
				"$(DERIVED_FILE_DIR)/Pods-NewsApp-checkManifestLockResult.txt",
			);
			runOnlyForDeploymentPostprocessing = 0;
			shellPath = /bin/sh;
			shellScript = "diff \"${PODS_PODFILE_DIR_PATH}/Podfile.lock\" \"${PODS_ROOT}/Manifest.lock\" > /dev/null\nif [ $? != 0 ] ; then\n    # print error to STDERR\n    echo \"error: The sandbox is not in sync with the Podfile.lock. Run 'pod install' or update your CocoaPods installation.\" >&2\n    exit 1\nfi\n# This output is used by Xcode 'outputs' to avoid re-running this script phase.\necho \"SUCCESS\" > \"${SCRIPT_OUTPUT_FILE_0}\"\n";
			showEnvVarsInLog = 0;
		};
		6AD5B55B5BEF564A4AC6578A /* [CP] Embed Pods Frameworks */ = {
			isa = PBXShellScriptBuildPhase;
			buildActionMask = 2147483647;
			files = (
			);
			inputFileListPaths = (
				"${PODS_ROOT}/Target Support Files/Pods-NewsApp/Pods-NewsApp-frameworks-${CONFIGURATION}-input-files.xcfilelist",
			);
			name = "[CP] Embed Pods Frameworks";
			outputFileListPaths = (
				"${PODS_ROOT}/Target Support Files/Pods-NewsApp/Pods-NewsApp-frameworks-${CONFIGURATION}-output-files.xcfilelist",
			);
			runOnlyForDeploymentPostprocessing = 0;
			shellPath = /bin/sh;
			shellScript = "\"${PODS_ROOT}/Target Support Files/Pods-NewsApp/Pods-NewsApp-frameworks.sh\"\n";
			showEnvVarsInLog = 0;
		};
/* End PBXShellScriptBuildPhase section */

/* Begin PBXSourcesBuildPhase section */
		71A9DE6F2BE35D5400D854D2 /* Sources */ = {
			isa = PBXSourcesBuildPhase;
			buildActionMask = 2147483647;
			files = (
				71A9DE7B2BE35D5400D854D2 /* ViewController.swift in Sources */,
				71A9DE992BE3660800D854D2 /* UrlController.swift in Sources */,
				71A9DE772BE35D5400D854D2 /* AppDelegate.swift in Sources */,
				71A9DE932BE3620000D854D2 /* NewsTableViewCell.swift in Sources */,
				71A9DE9E2BE3885B00D854D2 /* DetailsPageViewController.swift in Sources */,
				71A9DE792BE35D5400D854D2 /* SceneDelegate.swift in Sources */,
				71A9DE972BE365A500D854D2 /* Article.swift in Sources */,
			);
			runOnlyForDeploymentPostprocessing = 0;
		};
/* End PBXSourcesBuildPhase section */

/* Begin PBXVariantGroup section */
		71A9DE7C2BE35D5400D854D2 /* Main.storyboard */ = {
			isa = PBXVariantGroup;
			children = (
				71A9DE7D2BE35D5400D854D2 /* Base */,
			);
			name = Main.storyboard;
			sourceTree = "<group>";
		};
		71A9DE812BE35D5600D854D2 /* LaunchScreen.storyboard */ = {
			isa = PBXVariantGroup;
			children = (
				71A9DE822BE35D5600D854D2 /* Base */,
			);
			name = LaunchScreen.storyboard;
			sourceTree = "<group>";
		};
/* End PBXVariantGroup section */

/* Begin XCBuildConfiguration section */
		71A9DE852BE35D5600D854D2 /* Debug */ = {
			isa = XCBuildConfiguration;
			buildSettings = {
				ALWAYS_SEARCH_USER_PATHS = NO;
				ASSETCATALOG_COMPILER_GENERATE_SWIFT_ASSET_SYMBOL_EXTENSIONS = YES;
				CLANG_ANALYZER_NONNULL = YES;
				CLANG_ANALYZER_NUMBER_OBJECT_CONVERSION = YES_AGGRESSIVE;
				CLANG_CXX_LANGUAGE_STANDARD = "gnu++20";
				CLANG_ENABLE_MODULES = YES;
				CLANG_ENABLE_OBJC_ARC = YES;
				CLANG_ENABLE_OBJC_WEAK = YES;
				CLANG_WARN_BLOCK_CAPTURE_AUTORELEASING = YES;
				CLANG_WARN_BOOL_CONVERSION = YES;
				CLANG_WARN_COMMA = YES;
				CLANG_WARN_CONSTANT_CONVERSION = YES;
				CLANG_WARN_DEPRECATED_OBJC_IMPLEMENTATIONS = YES;
				CLANG_WARN_DIRECT_OBJC_ISA_USAGE = YES_ERROR;
				CLANG_WARN_DOCUMENTATION_COMMENTS = YES;
				CLANG_WARN_EMPTY_BODY = YES;
				CLANG_WARN_ENUM_CONVERSION = YES;
				CLANG_WARN_INFINITE_RECURSION = YES;
				CLANG_WARN_INT_CONVERSION = YES;
				CLANG_WARN_NON_LITERAL_NULL_CONVERSION = YES;
				CLANG_WARN_OBJC_IMPLICIT_RETAIN_SELF = YES;
				CLANG_WARN_OBJC_LITERAL_CONVERSION = YES;
				CLANG_WARN_OBJC_ROOT_CLASS = YES_ERROR;
				CLANG_WARN_QUOTED_INCLUDE_IN_FRAMEWORK_HEADER = YES;
				CLANG_WARN_RANGE_LOOP_ANALYSIS = YES;
				CLANG_WARN_STRICT_PROTOTYPES = YES;
				CLANG_WARN_SUSPICIOUS_MOVE = YES;
				CLANG_WARN_UNGUARDED_AVAILABILITY = YES_AGGRESSIVE;
				CLANG_WARN_UNREACHABLE_CODE = YES;
				CLANG_WARN__DUPLICATE_METHOD_MATCH = YES;
				COPY_PHASE_STRIP = NO;
				DEBUG_INFORMATION_FORMAT = dwarf;
				ENABLE_STRICT_OBJC_MSGSEND = YES;
				ENABLE_TESTABILITY = YES;
				ENABLE_USER_SCRIPT_SANDBOXING = YES;
				GCC_C_LANGUAGE_STANDARD = gnu17;
				GCC_DYNAMIC_NO_PIC = NO;
				GCC_NO_COMMON_BLOCKS = YES;
				GCC_OPTIMIZATION_LEVEL = 0;
				GCC_PREPROCESSOR_DEFINITIONS = (
					"DEBUG=1",
					"$(inherited)",
				);
				GCC_WARN_64_TO_32_BIT_CONVERSION = YES;
				GCC_WARN_ABOUT_RETURN_TYPE = YES_ERROR;
				GCC_WARN_UNDECLARED_SELECTOR = YES;
				GCC_WARN_UNINITIALIZED_AUTOS = YES_AGGRESSIVE;
				GCC_WARN_UNUSED_FUNCTION = YES;
				GCC_WARN_UNUSED_VARIABLE = YES;
				IPHONEOS_DEPLOYMENT_TARGET = 17.2;
				LOCALIZATION_PREFERS_STRING_CATALOGS = YES;
				MTL_ENABLE_DEBUG_INFO = INCLUDE_SOURCE;
				MTL_FAST_MATH = YES;
				ONLY_ACTIVE_ARCH = YES;
				SDKROOT = iphoneos;
				SWIFT_ACTIVE_COMPILATION_CONDITIONS = "DEBUG $(inherited)";
				SWIFT_OPTIMIZATION_LEVEL = "-Onone";
			};
			name = Debug;
		};
		71A9DE862BE35D5600D854D2 /* Release */ = {
			isa = XCBuildConfiguration;
			buildSettings = {
				ALWAYS_SEARCH_USER_PATHS = NO;
				ASSETCATALOG_COMPILER_GENERATE_SWIFT_ASSET_SYMBOL_EXTENSIONS = YES;
				CLANG_ANALYZER_NONNULL = YES;
				CLANG_ANALYZER_NUMBER_OBJECT_CONVERSION = YES_AGGRESSIVE;
				CLANG_CXX_LANGUAGE_STANDARD = "gnu++20";
				CLANG_ENABLE_MODULES = YES;
				CLANG_ENABLE_OBJC_ARC = YES;
				CLANG_ENABLE_OBJC_WEAK = YES;
				CLANG_WARN_BLOCK_CAPTURE_AUTORELEASING = YES;
				CLANG_WARN_BOOL_CONVERSION = YES;
				CLANG_WARN_COMMA = YES;
				CLANG_WARN_CONSTANT_CONVERSION = YES;
				CLANG_WARN_DEPRECATED_OBJC_IMPLEMENTATIONS = YES;
				CLANG_WARN_DIRECT_OBJC_ISA_USAGE = YES_ERROR;
				CLANG_WARN_DOCUMENTATION_COMMENTS = YES;
				CLANG_WARN_EMPTY_BODY = YES;
				CLANG_WARN_ENUM_CONVERSION = YES;
				CLANG_WARN_INFINITE_RECURSION = YES;
				CLANG_WARN_INT_CONVERSION = YES;
				CLANG_WARN_NON_LITERAL_NULL_CONVERSION = YES;
				CLANG_WARN_OBJC_IMPLICIT_RETAIN_SELF = YES;
				CLANG_WARN_OBJC_LITERAL_CONVERSION = YES;
				CLANG_WARN_OBJC_ROOT_CLASS = YES_ERROR;
				CLANG_WARN_QUOTED_INCLUDE_IN_FRAMEWORK_HEADER = YES;
				CLANG_WARN_RANGE_LOOP_ANALYSIS = YES;
				CLANG_WARN_STRICT_PROTOTYPES = YES;
				CLANG_WARN_SUSPICIOUS_MOVE = YES;
				CLANG_WARN_UNGUARDED_AVAILABILITY = YES_AGGRESSIVE;
				CLANG_WARN_UNREACHABLE_CODE = YES;
				CLANG_WARN__DUPLICATE_METHOD_MATCH = YES;
				COPY_PHASE_STRIP = NO;
				DEBUG_INFORMATION_FORMAT = "dwarf-with-dsym";
				ENABLE_NS_ASSERTIONS = NO;
				ENABLE_STRICT_OBJC_MSGSEND = YES;
				ENABLE_USER_SCRIPT_SANDBOXING = YES;
				GCC_C_LANGUAGE_STANDARD = gnu17;
				GCC_NO_COMMON_BLOCKS = YES;
				GCC_WARN_64_TO_32_BIT_CONVERSION = YES;
				GCC_WARN_ABOUT_RETURN_TYPE = YES_ERROR;
				GCC_WARN_UNDECLARED_SELECTOR = YES;
				GCC_WARN_UNINITIALIZED_AUTOS = YES_AGGRESSIVE;
				GCC_WARN_UNUSED_FUNCTION = YES;
				GCC_WARN_UNUSED_VARIABLE = YES;
				IPHONEOS_DEPLOYMENT_TARGET = 17.2;
				LOCALIZATION_PREFERS_STRING_CATALOGS = YES;
				MTL_ENABLE_DEBUG_INFO = NO;
				MTL_FAST_MATH = YES;
				SDKROOT = iphoneos;
				SWIFT_COMPILATION_MODE = wholemodule;
				VALIDATE_PRODUCT = YES;
			};
			name = Release;
		};
		71A9DE882BE35D5600D854D2 /* Debug */ = {
			isa = XCBuildConfiguration;
			baseConfigurationReference = E8C9DBA529EACA91603F2513 /* Pods-NewsApp.debug.xcconfig */;
			buildSettings = {
				ASSETCATALOG_COMPILER_APPICON_NAME = AppIcon;
				ASSETCATALOG_COMPILER_GLOBAL_ACCENT_COLOR_NAME = AccentColor;
				CODE_SIGN_STYLE = Automatic;
				CURRENT_PROJECT_VERSION = 1;
				ENABLE_USER_SCRIPT_SANDBOXING = NO;
				GENERATE_INFOPLIST_FILE = YES;
				INFOPLIST_FILE = NewsApp/Info.plist;
				INFOPLIST_KEY_UIApplicationSupportsIndirectInputEvents = YES;
				INFOPLIST_KEY_UILaunchStoryboardName = LaunchScreen;
				INFOPLIST_KEY_UIMainStoryboardFile = Main;
				INFOPLIST_KEY_UISupportedInterfaceOrientations_iPad = "UIInterfaceOrientationPortrait UIInterfaceOrientationPortraitUpsideDown UIInterfaceOrientationLandscapeLeft UIInterfaceOrientationLandscapeRight";
				INFOPLIST_KEY_UISupportedInterfaceOrientations_iPhone = "UIInterfaceOrientationPortrait UIInterfaceOrientationLandscapeLeft UIInterfaceOrientationLandscapeRight";
				LD_RUNPATH_SEARCH_PATHS = (
					"$(inherited)",
					"@executable_path/Frameworks",
				);
				MARKETING_VERSION = 1.0;
				PRODUCT_BUNDLE_IDENTIFIER = com.Nickelfox.NewsApp;
				PRODUCT_NAME = "$(TARGET_NAME)";
				SWIFT_EMIT_LOC_STRINGS = YES;
				SWIFT_VERSION = 5.0;
				TARGETED_DEVICE_FAMILY = "1,2";
			};
			name = Debug;
		};
		71A9DE892BE35D5600D854D2 /* Release */ = {
			isa = XCBuildConfiguration;
			baseConfigurationReference = F96C5316BDCFDC4F9E562BBC /* Pods-NewsApp.release.xcconfig */;
			buildSettings = {
				ASSETCATALOG_COMPILER_APPICON_NAME = AppIcon;
				ASSETCATALOG_COMPILER_GLOBAL_ACCENT_COLOR_NAME = AccentColor;
				CODE_SIGN_STYLE = Automatic;
				CURRENT_PROJECT_VERSION = 1;
				ENABLE_USER_SCRIPT_SANDBOXING = NO;
				GENERATE_INFOPLIST_FILE = YES;
				INFOPLIST_FILE = NewsApp/Info.plist;
				INFOPLIST_KEY_UIApplicationSupportsIndirectInputEvents = YES;
				INFOPLIST_KEY_UILaunchStoryboardName = LaunchScreen;
				INFOPLIST_KEY_UIMainStoryboardFile = Main;
				INFOPLIST_KEY_UISupportedInterfaceOrientations_iPad = "UIInterfaceOrientationPortrait UIInterfaceOrientationPortraitUpsideDown UIInterfaceOrientationLandscapeLeft UIInterfaceOrientationLandscapeRight";
				INFOPLIST_KEY_UISupportedInterfaceOrientations_iPhone = "UIInterfaceOrientationPortrait UIInterfaceOrientationLandscapeLeft UIInterfaceOrientationLandscapeRight";
				LD_RUNPATH_SEARCH_PATHS = (
					"$(inherited)",
					"@executable_path/Frameworks",
				);
				MARKETING_VERSION = 1.0;
				PRODUCT_BUNDLE_IDENTIFIER = com.Nickelfox.NewsApp;
				PRODUCT_NAME = "$(TARGET_NAME)";
				SWIFT_EMIT_LOC_STRINGS = YES;
				SWIFT_VERSION = 5.0;
				TARGETED_DEVICE_FAMILY = "1,2";
			};
			name = Release;
		};
/* End XCBuildConfiguration section */

/* Begin XCConfigurationList section */
		71A9DE6E2BE35D5400D854D2 /* Build configuration list for PBXProject "NewsApp" */ = {
			isa = XCConfigurationList;
			buildConfigurations = (
				71A9DE852BE35D5600D854D2 /* Debug */,
				71A9DE862BE35D5600D854D2 /* Release */,
			);
			defaultConfigurationIsVisible = 0;
			defaultConfigurationName = Release;
		};
		71A9DE872BE35D5600D854D2 /* Build configuration list for PBXNativeTarget "NewsApp" */ = {
			isa = XCConfigurationList;
			buildConfigurations = (
				71A9DE882BE35D5600D854D2 /* Debug */,
				71A9DE892BE35D5600D854D2 /* Release */,
			);
			defaultConfigurationIsVisible = 0;
			defaultConfigurationName = Release;
		};
/* End XCConfigurationList section */
	};
	rootObject = 71A9DE6B2BE35D5400D854D2 /* Project object */;
}
